{
    "_meta": {
        "hash": {
            "sha256": "7104eb19f04b0fa19bc191cc251c050fc4510cf87a8d69849dbe84ea991bc559"
        },
        "requires": {},
        "sources": [
            {
                "url": "https://pypi.python.org/simple",
                "verify_ssl": true
            }
        ]
    },
    "default": {
        "alembic": {
            "version": "==0.9.5"
        },
        "click": {
            "version": "==6.7"
        },
        "dnspython": {
            "version": "==1.15.0"
        },
        "email-validator": {
            "version": "==1.0.2"
        },
        "faker": {
            "version": "==0.8.3"
        },
        "flask": {
            "version": "==0.12.2"
        },
        "flask-rest-jsonapi": {
            "version": "==0.12.6"
        },
        "flask-sqlalchemy": {
            "version": "==2.2"
        },
        "gevent": {
            "version": "==1.2.2"
        },
        "greenlet": {
            "version": "==0.4.12"
        },
        "gunicorn": {
            "version": "==19.7.1"
        },
        "idna": {
            "version": "==2.6"
        },
        "itsdangerous": {
            "version": "==0.24"
        },
        "jinja2": {
            "version": "==2.9.6"
        },
        "mako": {
            "version": "==1.0.7"
        },
        "markupsafe": {
            "version": "==1.0"
        },
        "marshmallow": {
            "version": "==2.13.1"
        },
        "marshmallow-jsonapi": {
            "version": "==0.15.1"
        },
        "psycopg2": {
            "version": "==2.7.3.1"
        },
        "python-dateutil": {
            "version": "==2.6.1"
        },
        "python-editor": {
            "version": "==1.0.3"
        },
        "six": {
            "version": "==1.10.0"
        },
        "sqlalchemy": {
            "version": "==1.1.14"
        },
        "werkzeug": {
            "version": "==0.12.2"
        }
    },
    "develop": {
        "flake8": {
            "version": "==3.4.1"
        },
        "flake8-isort": {
            "version": "==2.2.2"
        },
        "flake8-polyfill": {
            "version": "==1.0.1"
        },
        "isort": {
            "version": "==4.2.15"
        },
        "mccabe": {
            "version": "==0.6.1"
        },
        "py": {
            "version": "==1.4.34"
        },
        "pycodestyle": {
            "version": "==2.3.1"
        },
        "pyflakes": {
            "version": "==1.5.0"
        },
        "pytest": {
            "version": "==3.2.2"
        },
        "pytest-flake8": {
            "version": "==0.8.1"
        },
        "pytest-tap": {
            "version": "==2.1"
        },
        "setuptools": {
            "version": "==36.4.0"
        },
        "tap.py": {
            "version": "==2.1"
        },
        "testfixtures": {
            "version": "==5.2.0"
        }
    }
}
